
Microsoft Visual Studio Solution File, Format Version 12.00
# Visual Studio Version 17
VisualStudioVersion = 17.10.34928.147
MinimumVisualStudioVersion = 10.0.40219.1
Project("{FAE04EC0-301F-11D3-BF4B-00C04F79EFBC}") = "Kvak.Rules", "Kvak.Rules\Kvak.Rules.csproj", "{05344570-FB39-44A4-A024-858D7AB46812}"
EndProject
Project("{FAE04EC0-301F-11D3-BF4B-00C04F79EFBC}") = "Kvak.Cmd", "Kvak.Cmd\Kvak.Cmd.csproj", "{B6E37C93-436A-44A5-B158-41423476A0ED}"
EndProject
Global
	GlobalSection(SolutionConfigurationPlatforms) = preSolution
		Debug|Any CPU = Debug|Any CPU
		Release|Any CPU = Release|Any CPU
	EndGlobalSection
	GlobalSection(ProjectConfigurationPlatforms) = postSolution
		{05344570-FB39-44A4-A024-858D7AB46812}.Debug|Any CPU.ActiveCfg = Debug|Any CPU
		{05344570-FB39-44A4-A024-858D7AB46812}.Debug|Any CPU.Build.0 = Debug|Any CPU
		{05344570-FB39-44A4-A024-858D7AB46812}.Release|Any CPU.ActiveCfg = Release|Any CPU
		{05344570-FB39-44A4-A024-858D7AB46812}.Release|Any CPU.Build.0 = Release|Any CPU
		{B6E37C93-436A-44A5-B158-41423476A0ED}.Debug|Any CPU.ActiveCfg = Debug|Any CPU
		{B6E37C93-436A-44A5-B158-41423476A0ED}.Debug|Any CPU.Build.0 = Debug|Any CPU
		{B6E37C93-436A-44A5-B158-41423476A0ED}.Release|Any CPU.ActiveCfg = Release|Any CPU
		{B6E37C93-436A-44A5-B158-41423476A0ED}.Release|Any CPU.Build.0 = Release|Any CPU
	EndGlobalSection
	GlobalSection(SolutionProperties) = preSolution
		HideSolutionNode = FALSE
	EndGlobalSection
	GlobalSection(ExtensibilityGlobals) = postSolution
		SolutionGuid = {CFCE281F-BD3B-4A07-B227-39CBDED473EB}
	EndGlobalSection
EndGlobal
